
Microsoft Visual Studio Solution File, Format Version 12.00
# Visual Studio Version 16
VisualStudioVersion = 16.0.31729.503
MinimumVisualStudioVersion = 10.0.40219.1
Project("{FAE04EC0-301F-11D3-BF4B-00C04F79EFBC}") = "challenge", "challenge.csproj", "{E94029B1-D7C9-4AA2-A42F-B30688CD5F06}"
EndProject
Global
	GlobalSection(SolutionConfigurationPlatforms) = preSolution
		Debug|Any CPU = Debug|Any CPU
		Release|Any CPU = Release|Any CPU
	EndGlobalSection
	GlobalSection(ProjectConfigurationPlatforms) = postSolution
		{E94029B1-D7C9-4AA2-A42F-B30688CD5F06}.Debug|Any CPU.ActiveCfg = Debug|Any CPU
		{E94029B1-D7C9-4AA2-A42F-B30688CD5F06}.Debug|Any CPU.Build.0 = Debug|Any CPU
		{E94029B1-D7C9-4AA2-A42F-B30688CD5F06}.Release|Any CPU.ActiveCfg = Release|Any CPU
		{E94029B1-D7C9-4AA2-A42F-B30688CD5F06}.Release|Any CPU.Build.0 = Release|Any CPU
	EndGlobalSection
	GlobalSection(SolutionProperties) = preSolution
		HideSolutionNode = FALSE
	EndGlobalSection
	GlobalSection(ExtensibilityGlobals) = postSolution
		SolutionGuid = {66214C61-87F3-4BC4-8E0B-24390A31DDFC}
	EndGlobalSection
EndGlobal
